
Microsoft Visual Studio Solution File, Format Version 12.00
# Visual Studio Version 17
VisualStudioVersion = 17.3.32825.248
MinimumVisualStudioVersion = 10.0.40219.1
Project("{FAE04EC0-301F-11D3-BF4B-00C04F79EFBC}") = "Collection generics - OOP", "Collection generics - OOP\Collection generics - OOP.csproj", "{7AD31D0D-61C2-4F4D-ADFD-B54E784395D6}"
EndProject
Global
	GlobalSection(SolutionConfigurationPlatforms) = preSolution
		Debug|Any CPU = Debug|Any CPU
		Release|Any CPU = Release|Any CPU
	EndGlobalSection
	GlobalSection(ProjectConfigurationPlatforms) = postSolution
		{7AD31D0D-61C2-4F4D-ADFD-B54E784395D6}.Debug|Any CPU.ActiveCfg = Debug|Any CPU
		{7AD31D0D-61C2-4F4D-ADFD-B54E784395D6}.Debug|Any CPU.Build.0 = Debug|Any CPU
		{7AD31D0D-61C2-4F4D-ADFD-B54E784395D6}.Release|Any CPU.ActiveCfg = Release|Any CPU
		{7AD31D0D-61C2-4F4D-ADFD-B54E784395D6}.Release|Any CPU.Build.0 = Release|Any CPU
	EndGlobalSection
	GlobalSection(SolutionProperties) = preSolution
		HideSolutionNode = FALSE
	EndGlobalSection
	GlobalSection(ExtensibilityGlobals) = postSolution
		SolutionGuid = {86E091F7-53B6-4CBC-9500-36AE5353A45D}
	EndGlobalSection
EndGlobal
